
Microsoft Visual Studio Solution File, Format Version 12.00
# Visual Studio 15
VisualStudioVersion = 15.0.28307.271
MinimumVisualStudioVersion = 10.0.40219.1
Project("{FAE04EC0-301F-11D3-BF4B-00C04F79EFBC}") = "LitmusWeb", "LitmusWeb\LitmusWeb.csproj", "{587C6A6B-61D6-4F4C-86C6-B19A39CB8F53}"
EndProject
Project("{FAE04EC0-301F-11D3-BF4B-00C04F79EFBC}") = "DataAccess", "DataAccess\DataAccess.csproj", "{55A2D8B9-B064-4E9C-8CDA-EB32D0ED1905}"
EndProject
Global
	GlobalSection(SolutionConfigurationPlatforms) = preSolution
		Debug|Any CPU = Debug|Any CPU
		Release|Any CPU = Release|Any CPU
	EndGlobalSection
	GlobalSection(ProjectConfigurationPlatforms) = postSolution
		{587C6A6B-61D6-4F4C-86C6-B19A39CB8F53}.Debug|Any CPU.ActiveCfg = Debug|Any CPU
		{587C6A6B-61D6-4F4C-86C6-B19A39CB8F53}.Debug|Any CPU.Build.0 = Debug|Any CPU
		{587C6A6B-61D6-4F4C-86C6-B19A39CB8F53}.Release|Any CPU.ActiveCfg = Release|Any CPU
		{587C6A6B-61D6-4F4C-86C6-B19A39CB8F53}.Release|Any CPU.Build.0 = Release|Any CPU
		{55A2D8B9-B064-4E9C-8CDA-EB32D0ED1905}.Debug|Any CPU.ActiveCfg = Debug|Any CPU
		{55A2D8B9-B064-4E9C-8CDA-EB32D0ED1905}.Debug|Any CPU.Build.0 = Debug|Any CPU
		{55A2D8B9-B064-4E9C-8CDA-EB32D0ED1905}.Release|Any CPU.ActiveCfg = Release|Any CPU
		{55A2D8B9-B064-4E9C-8CDA-EB32D0ED1905}.Release|Any CPU.Build.0 = Release|Any CPU
	EndGlobalSection
	GlobalSection(SolutionProperties) = preSolution
		HideSolutionNode = FALSE
	EndGlobalSection
	GlobalSection(ExtensibilityGlobals) = postSolution
		SolutionGuid = {5D5FA172-9DAE-4931-A504-B856AD943D92}
	EndGlobalSection
EndGlobal
